<?xml version="1.0" encoding="utf-8"?>
<Project ToolsVersion="4.0" xmlns="http://schemas.microsoft.com/developer/msbuild/2003">
  <ItemGroup>
    <Filter Include="Source Files">
      <UniqueIdentifier>{fc2752b4-a19b-4197-84de-58549291175c}</UniqueIdentifier>
      <Extensions>cpp;c;cxx;rc;def;r;odl;idl;hpj;bat</Extensions>
    </Filter>
    <Filter Include="Header Files">
      <UniqueIdentifier>{d56192e9-4aec-4c84-aee7-f7e86a635118}</UniqueIdentifier>
      <Extensions>h;hpp;hxx;hm;inl</Extensions>
    </Filter>
    <Filter Include="Resource Files">
      <UniqueIdentifier>{29e25e0c-78a6-44d3-89e0-1d14c45f973d}</UniqueIdentifier>
      <Extensions>ico;cur;bmp;dlg;rc2;rct;bin;rgs;gif;jpg;jpeg;jpe</Extensions>
    </Filter>
  </ItemGroup>
  <ItemGroup>
    <ClCompile Include="Agentsock.cpp">
      <Filter>Source Files</Filter>
    </ClCompile>
    <ClCompile Include="BaseAgent.cpp">
      <Filter>Source Files</Filter>
    </ClCompile>
    <ClCompile Include="DSetupDlg.cpp">
      <Filter>Source Files</Filter>
    </ClCompile>
    <ClCompile Include="MainFrm.cpp">
      <Filter>Source Files</Filter>
    </ClCompile>
    <ClCompile Include="MicroClient.cpp">
      <Filter>Source Files</Filter>
    </ClCompile>
    <ClCompile Include="MicroClientDoc.cpp">
      <Filter>Source Files</Filter>
    </ClCompile>
    <ClCompile Include="MicroClientView.cpp">
      <Filter>Source Files</Filter>
    </ClCompile>
    <ClCompile Include="StdAfx.cpp">
      <Filter>Source Files</Filter>
    </ClCompile>
    <ClCompile Include="StrategySystem.cpp">
      <Filter>Source Files</Filter>
    </ClCompile>
    <ClCompile Include="TParseString.cpp">
      <Filter>Source Files</Filter>
    </ClCompile>
  </ItemGroup>
  <ItemGroup>
    <ResourceCompile Include="MicroClient.rc">
      <Filter>Source Files</Filter>
    </ResourceCompile>
  </ItemGroup>
  <ItemGroup>
    <ClInclude Include="Agentsock.h">
      <Filter>Header Files</Filter>
    </ClInclude>
    <ClInclude Include="BaseAgent.h">
      <Filter>Header Files</Filter>
    </ClInclude>
    <ClInclude Include="DSetupDlg.h">
      <Filter>Header Files</Filter>
    </ClInclude>
    <ClInclude Include="general.h">
      <Filter>Header Files</Filter>
    </ClInclude>
    <ClInclude Include="MainFrm.h">
      <Filter>Header Files</Filter>
    </ClInclude>
    <ClInclude Include="MicroClient.h">
      <Filter>Header Files</Filter>
    </ClInclude>
    <ClInclude Include="MicroClientDoc.h">
      <Filter>Header Files</Filter>
    </ClInclude>
    <ClInclude Include="MicroClientView.h">
      <Filter>Header Files</Filter>
    </ClInclude>
    <ClInclude Include="Resource.h">
      <Filter>Header Files</Filter>
    </ClInclude>
    <ClInclude Include="StdAfx.h">
      <Filter>Header Files</Filter>
    </ClInclude>
    <ClInclude Include="StrategySystem.h">
      <Filter>Header Files</Filter>
    </ClInclude>
    <ClInclude Include="TParseString.h">
      <Filter>Header Files</Filter>
    </ClInclude>
  </ItemGroup>
  <ItemGroup>
    <None Include="res\MicroClient.ico">
      <Filter>Resource Files</Filter>
    </None>
    <None Include="res\MicroClient.rc2">
      <Filter>Resource Files</Filter>
    </None>
    <None Include="res\MicroClientDoc.ico">
      <Filter>Resource Files</Filter>
    </None>
    <None Include="res\Toolbar.bmp">
      <Filter>Resource Files</Filter>
    </None>
    <None Include="ReadMe.txt" />
  </ItemGroup>
</Project>